// !$*UTF8*$!
{
	archiveVersion = 1;
	classes = {
	};
	objectVersion = 46;
	objects = {

/* Begin PBXBuildFile section */
		4D4A76763C4F1797D59D2082 /* Pods_PlayPoint.framework in Frameworks */ = {isa = PBXBuildFile; fileRef = 1801F82F7A4F672DE0BF60EC /* Pods_PlayPoint.framework */; };
		7B56D71C1EBA8AEB00957A2F /* EventosViewController.swift in Sources */ = {isa = PBXBuildFile; fileRef = 7B56D71B1EBA8AEB00957A2F /* EventosViewController.swift */; };
		7B56D71F1EBA903500957A2F /* EventoTableViewCell.swift in Sources */ = {isa = PBXBuildFile; fileRef = 7B56D71E1EBA903500957A2F /* EventoTableViewCell.swift */; };
		7B56D7211EBAA9C700957A2F /* NovoEventoTableViewController.swift in Sources */ = {isa = PBXBuildFile; fileRef = 7B56D7201EBAA9C700957A2F /* NovoEventoTableViewController.swift */; };
		7B56D7251EBBFFA700957A2F /* PerfilTableViewController.swift in Sources */ = {isa = PBXBuildFile; fileRef = 7B56D7241EBBFFA700957A2F /* PerfilTableViewController.swift */; };
		7B62DD291EB171810082244F /* AppDelegate.swift in Sources */ = {isa = PBXBuildFile; fileRef = 7B62DD281EB171810082244F /* AppDelegate.swift */; };
		7B62DD2E1EB171810082244F /* Main.storyboard in Resources */ = {isa = PBXBuildFile; fileRef = 7B62DD2C1EB171810082244F /* Main.storyboard */; };
		7B62DD301EB171810082244F /* Assets.xcassets in Resources */ = {isa = PBXBuildFile; fileRef = 7B62DD2F1EB171810082244F /* Assets.xcassets */; };
		7B62DD331EB171810082244F /* LaunchScreen.storyboard in Resources */ = {isa = PBXBuildFile; fileRef = 7B62DD311EB171810082244F /* LaunchScreen.storyboard */; };
		7B62DD3E1EB171810082244F /* PlayPointTests.swift in Sources */ = {isa = PBXBuildFile; fileRef = 7B62DD3D1EB171810082244F /* PlayPointTests.swift */; };
		7B62DD491EB171810082244F /* PlayPointUITests.swift in Sources */ = {isa = PBXBuildFile; fileRef = 7B62DD481EB171810082244F /* PlayPointUITests.swift */; };
		7B7A76F61EBFDEB100894B09 /* LoginViewController.swift in Sources */ = {isa = PBXBuildFile; fileRef = 7B7A76F51EBFDEB100894B09 /* LoginViewController.swift */; };
		882AE387224FCA67CA6CC893 /* Pods_PlayPointTests.framework in Frameworks */ = {isa = PBXBuildFile; fileRef = FAE8221C3CE14A4A6557B9AF /* Pods_PlayPointTests.framework */; };
		B65CCC75FE922784B6811F95 /* Pods_PlayPointUITests.framework in Frameworks */ = {isa = PBXBuildFile; fileRef = 6C460E983B7666AB372AA76A /* Pods_PlayPointUITests.framework */; };
		D72FC9E21F2ACBCF002BD5F0 /* EsporteItem.swift in Sources */ = {isa = PBXBuildFile; fileRef = D72FC9E11F2ACBCF002BD5F0 /* EsporteItem.swift */; };
		D72FC9E41F2AD161002BD5F0 /* EsportesTableViewController.swift in Sources */ = {isa = PBXBuildFile; fileRef = D72FC9E31F2AD161002BD5F0 /* EsportesTableViewController.swift */; };
		D72FC9E61F2AD347002BD5F0 /* DeleteProtocol.swift in Sources */ = {isa = PBXBuildFile; fileRef = D72FC9E51F2AD347002BD5F0 /* DeleteProtocol.swift */; };
		D73FC2311F2ACAE0002DC7D7 /* EsporteDataManager.swift in Sources */ = {isa = PBXBuildFile; fileRef = D73FC2301F2ACAE0002DC7D7 /* EsporteDataManager.swift */; };
		D744174C1F2E32D700252BF3 /* Esportes.storyboard in Resources */ = {isa = PBXBuildFile; fileRef = D744174A1F2E32D700252BF3 /* Esportes.storyboard */; };
		D744174F1F2E3D6800252BF3 /* Buscar.storyboard in Resources */ = {isa = PBXBuildFile; fileRef = D744174D1F2E3D6800252BF3 /* Buscar.storyboard */; };
		D74417511F2E41B500252BF3 /* MapKit.framework in Frameworks */ = {isa = PBXBuildFile; fileRef = D74417501F2E41B500252BF3 /* MapKit.framework */; };
		D74417541F2E436A00252BF3 /* TogglePickerCustomProtocol.swift in Sources */ = {isa = PBXBuildFile; fileRef = D74417531F2E436A00252BF3 /* TogglePickerCustomProtocol.swift */; };
		D74417561F2E4EC000252BF3 /* BuscaEventoViewController.swift in Sources */ = {isa = PBXBuildFile; fileRef = D74417551F2E4EC000252BF3 /* BuscaEventoViewController.swift */; };
		D74417571F2E4EC000252BF3 /* BuscaEventoViewController.swift in Sources */ = {isa = PBXBuildFile; fileRef = D74417551F2E4EC000252BF3 /* BuscaEventoViewController.swift */; };
		D74417581F2E4EC000252BF3 /* BuscaEventoViewController.swift in Sources */ = {isa = PBXBuildFile; fileRef = D74417551F2E4EC000252BF3 /* BuscaEventoViewController.swift */; };
		D76E30F21F26BB58007C9EEE /* Segues.swift in Sources */ = {isa = PBXBuildFile; fileRef = D76E30F11F26BB58007C9EEE /* Segues.swift */; };
		D76E30F31F26BB58007C9EEE /* Segues.swift in Sources */ = {isa = PBXBuildFile; fileRef = D76E30F11F26BB58007C9EEE /* Segues.swift */; };
		D76E30F41F26BB58007C9EEE /* Segues.swift in Sources */ = {isa = PBXBuildFile; fileRef = D76E30F11F26BB58007C9EEE /* Segues.swift */; };
		D76E31031F26C57E007C9EEE /* UsuarioItemTest.swift in Sources */ = {isa = PBXBuildFile; fileRef = D76E31021F26C57E007C9EEE /* UsuarioItemTest.swift */; };
		D79164C51F2C39ED00484563 /* Model.xcdatamodeld in Sources */ = {isa = PBXBuildFile; fileRef = D79164C31F2C39ED00484563 /* Model.xcdatamodeld */; };
		D7C0CA871F239BB30023ADDA /* Evento.storyboard in Resources */ = {isa = PBXBuildFile; fileRef = D7C0CA851F239BB30023ADDA /* Evento.storyboard */; };
		D7C0CA891F239C080023ADDA /* Eventos.storyboard in Resources */ = {isa = PBXBuildFile; fileRef = D7C0CA881F239C080023ADDA /* Eventos.storyboard */; };
		D7C0CA8C1F239C250023ADDA /* Perfil.storyboard in Resources */ = {isa = PBXBuildFile; fileRef = D7C0CA8A1F239C250023ADDA /* Perfil.storyboard */; };
		D7CD89B21F26DB2C00715C1C /* DataManager.swift in Sources */ = {isa = PBXBuildFile; fileRef = D7CD89B11F26DB2C00715C1C /* DataManager.swift */; };
		D7CD89B31F26DB2C00715C1C /* DataManager.swift in Sources */ = {isa = PBXBuildFile; fileRef = D7CD89B11F26DB2C00715C1C /* DataManager.swift */; };
		D7CD89B41F26DB2C00715C1C /* DataManager.swift in Sources */ = {isa = PBXBuildFile; fileRef = D7CD89B11F26DB2C00715C1C /* DataManager.swift */; };
		D7F42FC21F26E454003AEEA9 /* UsuarioDataManager.swift in Sources */ = {isa = PBXBuildFile; fileRef = D7F42FC11F26E454003AEEA9 /* UsuarioDataManager.swift */; };
		D7F42FC61F26E873003AEEA9 /* UsuarioItem.swift in Sources */ = {isa = PBXBuildFile; fileRef = D7F42FC51F26E873003AEEA9 /* UsuarioItem.swift */; };
		D7F6A2EE1F29779200BECD4B /* UIColorExtension.swift in Sources */ = {isa = PBXBuildFile; fileRef = D7F6A2ED1F29779200BECD4B /* UIColorExtension.swift */; };
		D7F6A2EF1F29779200BECD4B /* UIColorExtension.swift in Sources */ = {isa = PBXBuildFile; fileRef = D7F6A2ED1F29779200BECD4B /* UIColorExtension.swift */; };
		D7F6A2F01F29779200BECD4B /* UIColorExtension.swift in Sources */ = {isa = PBXBuildFile; fileRef = D7F6A2ED1F29779200BECD4B /* UIColorExtension.swift */; };
/* End PBXBuildFile section */

/* Begin PBXContainerItemProxy section */
		7B62DD3A1EB171810082244F /* PBXContainerItemProxy */ = {
			isa = PBXContainerItemProxy;
			containerPortal = 7B62DD1D1EB171810082244F /* Project object */;
			proxyType = 1;
			remoteGlobalIDString = 7B62DD241EB171810082244F;
			remoteInfo = PlayPoint;
		};
		7B62DD451EB171810082244F /* PBXContainerItemProxy */ = {
			isa = PBXContainerItemProxy;
			containerPortal = 7B62DD1D1EB171810082244F /* Project object */;
			proxyType = 1;
			remoteGlobalIDString = 7B62DD241EB171810082244F;
			remoteInfo = PlayPoint;
		};
/* End PBXContainerItemProxy section */

/* Begin PBXFileReference section */
		1801F82F7A4F672DE0BF60EC /* Pods_PlayPoint.framework */ = {isa = PBXFileReference; explicitFileType = wrapper.framework; includeInIndex = 0; path = Pods_PlayPoint.framework; sourceTree = BUILT_PRODUCTS_DIR; };
		421226C63C44EF4DBAA877B8 /* Pods-PlayPoint.release.xcconfig */ = {isa = PBXFileReference; includeInIndex = 1; lastKnownFileType = text.xcconfig; name = "Pods-PlayPoint.release.xcconfig"; path = "Pods/Target Support Files/Pods-PlayPoint/Pods-PlayPoint.release.xcconfig"; sourceTree = "<group>"; };
		44CD21E922EE87C68D1ABB88 /* Pods-PlayPoint.debug.xcconfig */ = {isa = PBXFileReference; includeInIndex = 1; lastKnownFileType = text.xcconfig; name = "Pods-PlayPoint.debug.xcconfig"; path = "Pods/Target Support Files/Pods-PlayPoint/Pods-PlayPoint.debug.xcconfig"; sourceTree = "<group>"; };
		6C460E983B7666AB372AA76A /* Pods_PlayPointUITests.framework */ = {isa = PBXFileReference; explicitFileType = wrapper.framework; includeInIndex = 0; path = Pods_PlayPointUITests.framework; sourceTree = BUILT_PRODUCTS_DIR; };
		72DF0458B8633FA91B4FD639 /* Pods-PlayPointTests.release.xcconfig */ = {isa = PBXFileReference; includeInIndex = 1; lastKnownFileType = text.xcconfig; name = "Pods-PlayPointTests.release.xcconfig"; path = "Pods/Target Support Files/Pods-PlayPointTests/Pods-PlayPointTests.release.xcconfig"; sourceTree = "<group>"; };
		7B56D71B1EBA8AEB00957A2F /* EventosViewController.swift */ = {isa = PBXFileReference; fileEncoding = 4; lastKnownFileType = sourcecode.swift; path = EventosViewController.swift; sourceTree = "<group>"; };
		7B56D71E1EBA903500957A2F /* EventoTableViewCell.swift */ = {isa = PBXFileReference; fileEncoding = 4; lastKnownFileType = sourcecode.swift; path = EventoTableViewCell.swift; sourceTree = "<group>"; };
		7B56D7201EBAA9C700957A2F /* NovoEventoTableViewController.swift */ = {isa = PBXFileReference; fileEncoding = 4; lastKnownFileType = sourcecode.swift; path = NovoEventoTableViewController.swift; sourceTree = "<group>"; };
		7B56D7241EBBFFA700957A2F /* PerfilTableViewController.swift */ = {isa = PBXFileReference; fileEncoding = 4; lastKnownFileType = sourcecode.swift; path = PerfilTableViewController.swift; sourceTree = "<group>"; };
		7B62DD251EB171810082244F /* PlayPoint.app */ = {isa = PBXFileReference; explicitFileType = wrapper.application; includeInIndex = 0; path = PlayPoint.app; sourceTree = BUILT_PRODUCTS_DIR; };
		7B62DD281EB171810082244F /* AppDelegate.swift */ = {isa = PBXFileReference; lastKnownFileType = sourcecode.swift; path = AppDelegate.swift; sourceTree = "<group>"; };
		7B62DD2D1EB171810082244F /* Base */ = {isa = PBXFileReference; lastKnownFileType = file.storyboard; name = Base; path = Base.lproj/Main.storyboard; sourceTree = "<group>"; };
		7B62DD2F1EB171810082244F /* Assets.xcassets */ = {isa = PBXFileReference; lastKnownFileType = folder.assetcatalog; path = Assets.xcassets; sourceTree = "<group>"; };
		7B62DD321EB171810082244F /* Base */ = {isa = PBXFileReference; lastKnownFileType = file.storyboard; name = Base; path = Base.lproj/LaunchScreen.storyboard; sourceTree = "<group>"; };
		7B62DD341EB171810082244F /* Info.plist */ = {isa = PBXFileReference; lastKnownFileType = text.plist.xml; path = Info.plist; sourceTree = "<group>"; };
		7B62DD391EB171810082244F /* PlayPointTests.xctest */ = {isa = PBXFileReference; explicitFileType = wrapper.cfbundle; includeInIndex = 0; path = PlayPointTests.xctest; sourceTree = BUILT_PRODUCTS_DIR; };
		7B62DD3D1EB171810082244F /* PlayPointTests.swift */ = {isa = PBXFileReference; lastKnownFileType = sourcecode.swift; path = PlayPointTests.swift; sourceTree = "<group>"; };
		7B62DD3F1EB171810082244F /* Info.plist */ = {isa = PBXFileReference; lastKnownFileType = text.plist.xml; path = Info.plist; sourceTree = "<group>"; };
		7B62DD441EB171810082244F /* PlayPointUITests.xctest */ = {isa = PBXFileReference; explicitFileType = wrapper.cfbundle; includeInIndex = 0; path = PlayPointUITests.xctest; sourceTree = BUILT_PRODUCTS_DIR; };
		7B62DD481EB171810082244F /* PlayPointUITests.swift */ = {isa = PBXFileReference; lastKnownFileType = sourcecode.swift; path = PlayPointUITests.swift; sourceTree = "<group>"; };
		7B62DD4A1EB171810082244F /* Info.plist */ = {isa = PBXFileReference; lastKnownFileType = text.plist.xml; path = Info.plist; sourceTree = "<group>"; };
		7B7A76F51EBFDEB100894B09 /* LoginViewController.swift */ = {isa = PBXFileReference; fileEncoding = 4; lastKnownFileType = sourcecode.swift; path = LoginViewController.swift; sourceTree = "<group>"; };
		9D4A23FC7CF9FFBC32481DED /* Pods-PlayPointTests.debug.xcconfig */ = {isa = PBXFileReference; includeInIndex = 1; lastKnownFileType = text.xcconfig; name = "Pods-PlayPointTests.debug.xcconfig"; path = "Pods/Target Support Files/Pods-PlayPointTests/Pods-PlayPointTests.debug.xcconfig"; sourceTree = "<group>"; };
		A7774738523B59B3D3A83316 /* Pods-PlayPointUITests.release.xcconfig */ = {isa = PBXFileReference; includeInIndex = 1; lastKnownFileType = text.xcconfig; name = "Pods-PlayPointUITests.release.xcconfig"; path = "Pods/Target Support Files/Pods-PlayPointUITests/Pods-PlayPointUITests.release.xcconfig"; sourceTree = "<group>"; };
		D72FC9E11F2ACBCF002BD5F0 /* EsporteItem.swift */ = {isa = PBXFileReference; fileEncoding = 4; lastKnownFileType = sourcecode.swift; path = EsporteItem.swift; sourceTree = "<group>"; };
		D72FC9E31F2AD161002BD5F0 /* EsportesTableViewController.swift */ = {isa = PBXFileReference; fileEncoding = 4; lastKnownFileType = sourcecode.swift; path = EsportesTableViewController.swift; sourceTree = "<group>"; };
		D72FC9E51F2AD347002BD5F0 /* DeleteProtocol.swift */ = {isa = PBXFileReference; fileEncoding = 4; lastKnownFileType = sourcecode.swift; path = DeleteProtocol.swift; sourceTree = "<group>"; };
		D73FC2301F2ACAE0002DC7D7 /* EsporteDataManager.swift */ = {isa = PBXFileReference; fileEncoding = 4; lastKnownFileType = sourcecode.swift; path = EsporteDataManager.swift; sourceTree = "<group>"; };
		D744174B1F2E32D700252BF3 /* Base */ = {isa = PBXFileReference; lastKnownFileType = file.storyboard; name = Base; path = Base.lproj/Esportes.storyboard; sourceTree = "<group>"; };
		D744174E1F2E3D6800252BF3 /* Base */ = {isa = PBXFileReference; lastKnownFileType = file.storyboard; name = Base; path = Base.lproj/Buscar.storyboard; sourceTree = "<group>"; };
		D74417501F2E41B500252BF3 /* MapKit.framework */ = {isa = PBXFileReference; lastKnownFileType = wrapper.framework; name = MapKit.framework; path = System/Library/Frameworks/MapKit.framework; sourceTree = SDKROOT; };
		D74417531F2E436A00252BF3 /* TogglePickerCustomProtocol.swift */ = {isa = PBXFileReference; fileEncoding = 4; lastKnownFileType = sourcecode.swift; path = TogglePickerCustomProtocol.swift; sourceTree = "<group>"; };
		D74417551F2E4EC000252BF3 /* BuscaEventoViewController.swift */ = {isa = PBXFileReference; fileEncoding = 4; lastKnownFileType = sourcecode.swift; path = BuscaEventoViewController.swift; sourceTree = "<group>"; };
		D76E30F11F26BB58007C9EEE /* Segues.swift */ = {isa = PBXFileReference; fileEncoding = 4; lastKnownFileType = sourcecode.swift; path = Segues.swift; sourceTree = "<group>"; };
		D76E31021F26C57E007C9EEE /* UsuarioItemTest.swift */ = {isa = PBXFileReference; fileEncoding = 4; lastKnownFileType = sourcecode.swift; path = UsuarioItemTest.swift; sourceTree = "<group>"; };
		D79164C41F2C39ED00484563 /* Model.xcdatamodel */ = {isa = PBXFileReference; lastKnownFileType = wrapper.xcdatamodel; path = Model.xcdatamodel; sourceTree = "<group>"; };
		D7C0CA861F239BB30023ADDA /* Base */ = {isa = PBXFileReference; lastKnownFileType = file.storyboard; name = Base; path = Base.lproj/Evento.storyboard; sourceTree = "<group>"; };
		D7C0CA881F239C080023ADDA /* Eventos.storyboard */ = {isa = PBXFileReference; fileEncoding = 4; lastKnownFileType = file.storyboard; path = Eventos.storyboard; sourceTree = "<group>"; };
		D7C0CA8B1F239C250023ADDA /* Base */ = {isa = PBXFileReference; lastKnownFileType = file.storyboard; name = Base; path = Base.lproj/Perfil.storyboard; sourceTree = "<group>"; };
		D7CD89B11F26DB2C00715C1C /* DataManager.swift */ = {isa = PBXFileReference; fileEncoding = 4; lastKnownFileType = sourcecode.swift; path = DataManager.swift; sourceTree = "<group>"; };
		D7F42FC11F26E454003AEEA9 /* UsuarioDataManager.swift */ = {isa = PBXFileReference; fileEncoding = 4; lastKnownFileType = sourcecode.swift; path = UsuarioDataManager.swift; sourceTree = "<group>"; };
		D7F42FC51F26E873003AEEA9 /* UsuarioItem.swift */ = {isa = PBXFileReference; fileEncoding = 4; lastKnownFileType = sourcecode.swift; path = UsuarioItem.swift; sourceTree = "<group>"; };
		D7F6A2ED1F29779200BECD4B /* UIColorExtension.swift */ = {isa = PBXFileReference; fileEncoding = 4; lastKnownFileType = sourcecode.swift; path = UIColorExtension.swift; sourceTree = "<group>"; };
		E83B73D147E5A6507ACACCF8 /* Pods-PlayPointUITests.debug.xcconfig */ = {isa = PBXFileReference; includeInIndex = 1; lastKnownFileType = text.xcconfig; name = "Pods-PlayPointUITests.debug.xcconfig"; path = "Pods/Target Support Files/Pods-PlayPointUITests/Pods-PlayPointUITests.debug.xcconfig"; sourceTree = "<group>"; };
		FAE8221C3CE14A4A6557B9AF /* Pods_PlayPointTests.framework */ = {isa = PBXFileReference; explicitFileType = wrapper.framework; includeInIndex = 0; path = Pods_PlayPointTests.framework; sourceTree = BUILT_PRODUCTS_DIR; };
/* End PBXFileReference section */

/* Begin PBXFrameworksBuildPhase section */
		7B62DD221EB171810082244F /* Frameworks */ = {
			isa = PBXFrameworksBuildPhase;
			buildActionMask = 2147483647;
			files = (
				D74417511F2E41B500252BF3 /* MapKit.framework in Frameworks */,
				4D4A76763C4F1797D59D2082 /* Pods_PlayPoint.framework in Frameworks */,
			);
			runOnlyForDeploymentPostprocessing = 0;
		};
		7B62DD361EB171810082244F /* Frameworks */ = {
			isa = PBXFrameworksBuildPhase;
			buildActionMask = 2147483647;
			files = (
				882AE387224FCA67CA6CC893 /* Pods_PlayPointTests.framework in Frameworks */,
			);
			runOnlyForDeploymentPostprocessing = 0;
		};
		7B62DD411EB171810082244F /* Frameworks */ = {
			isa = PBXFrameworksBuildPhase;
			buildActionMask = 2147483647;
			files = (
				B65CCC75FE922784B6811F95 /* Pods_PlayPointUITests.framework in Frameworks */,
			);
			runOnlyForDeploymentPostprocessing = 0;
		};
/* End PBXFrameworksBuildPhase section */

/* Begin PBXGroup section */
		01B483E29772B55F3740CF53 /* Pods */ = {
			isa = PBXGroup;
			children = (
				44CD21E922EE87C68D1ABB88 /* Pods-PlayPoint.debug.xcconfig */,
				421226C63C44EF4DBAA877B8 /* Pods-PlayPoint.release.xcconfig */,
				9D4A23FC7CF9FFBC32481DED /* Pods-PlayPointTests.debug.xcconfig */,
				72DF0458B8633FA91B4FD639 /* Pods-PlayPointTests.release.xcconfig */,
				E83B73D147E5A6507ACACCF8 /* Pods-PlayPointUITests.debug.xcconfig */,
				A7774738523B59B3D3A83316 /* Pods-PlayPointUITests.release.xcconfig */,
			);
			name = Pods;
			sourceTree = "<group>";
		};
		1B6B500F1EB173860043AE80 /* Controllers */ = {
			isa = PBXGroup;
			children = (
				7B56D71B1EBA8AEB00957A2F /* EventosViewController.swift */,
				7B56D7201EBAA9C700957A2F /* NovoEventoTableViewController.swift */,
				7B56D7241EBBFFA700957A2F /* PerfilTableViewController.swift */,
				7B7A76F51EBFDEB100894B09 /* LoginViewController.swift */,
				D72FC9E31F2AD161002BD5F0 /* EsportesTableViewController.swift */,
				D74417551F2E4EC000252BF3 /* BuscaEventoViewController.swift */,
			);
			name = Controllers;
			sourceTree = "<group>";
		};
		1B6B50101EB173900043AE80 /* Models */ = {
			isa = PBXGroup;
			children = (
				D7F42FC51F26E873003AEEA9 /* UsuarioItem.swift */,
				D72FC9E11F2ACBCF002BD5F0 /* EsporteItem.swift */,
			);
			name = Models;
			sourceTree = "<group>";
		};
		1B6B50111EB1739F0043AE80 /* Views */ = {
			isa = PBXGroup;
			children = (
				7B56D71D1EBA901700957A2F /* Classes */,
				7B62DD311EB171810082244F /* LaunchScreen.storyboard */,
				7B62DD2C1EB171810082244F /* Main.storyboard */,
				D744174D1F2E3D6800252BF3 /* Buscar.storyboard */,
				D7C0CA8A1F239C250023ADDA /* Perfil.storyboard */,
				D744174A1F2E32D700252BF3 /* Esportes.storyboard */,
				D7C0CA881F239C080023ADDA /* Eventos.storyboard */,
				D7C0CA851F239BB30023ADDA /* Evento.storyboard */,
			);
			name = Views;
			sourceTree = "<group>";
		};
		7B56D71D1EBA901700957A2F /* Classes */ = {
			isa = PBXGroup;
			children = (
				7B56D71E1EBA903500957A2F /* EventoTableViewCell.swift */,
			);
			name = Classes;
			sourceTree = "<group>";
		};
		7B62DD1C1EB171810082244F = {
			isa = PBXGroup;
			children = (
				7B62DD271EB171810082244F /* PlayPoint */,
				7B62DD3C1EB171810082244F /* PlayPointTests */,
				7B62DD471EB171810082244F /* PlayPointUITests */,
				7B62DD261EB171810082244F /* Products */,
				D7F9A3911F23B1CC00D6FD3D /* Frameworks */,
				01B483E29772B55F3740CF53 /* Pods */,
			);
			sourceTree = "<group>";
		};
		7B62DD261EB171810082244F /* Products */ = {
			isa = PBXGroup;
			children = (
				7B62DD251EB171810082244F /* PlayPoint.app */,
				7B62DD391EB171810082244F /* PlayPointTests.xctest */,
				7B62DD441EB171810082244F /* PlayPointUITests.xctest */,
			);
			name = Products;
			sourceTree = "<group>";
		};
		7B62DD271EB171810082244F /* PlayPoint */ = {
			isa = PBXGroup;
			children = (
				D76E30F01F26BB47007C9EEE /* Commons */,
				7B94372D1EC3E4DF005C9C0F /* CoreData */,
				1B6B50111EB1739F0043AE80 /* Views */,
				1B6B50101EB173900043AE80 /* Models */,
				1B6B500F1EB173860043AE80 /* Controllers */,
				7B62DD281EB171810082244F /* AppDelegate.swift */,
				7B62DD2F1EB171810082244F /* Assets.xcassets */,
				7B62DD341EB171810082244F /* Info.plist */,
			);
			path = PlayPoint;
			sourceTree = "<group>";
		};
		7B62DD3C1EB171810082244F /* PlayPointTests */ = {
			isa = PBXGroup;
			children = (
				D76E30FD1F26C49D007C9EEE /* Models */,
				7B62DD3D1EB171810082244F /* PlayPointTests.swift */,
				7B62DD3F1EB171810082244F /* Info.plist */,
			);
			path = PlayPointTests;
			sourceTree = "<group>";
		};
		7B62DD471EB171810082244F /* PlayPointUITests */ = {
			isa = PBXGroup;
			children = (
				7B62DD481EB171810082244F /* PlayPointUITests.swift */,
				7B62DD4A1EB171810082244F /* Info.plist */,
			);
			path = PlayPointUITests;
			sourceTree = "<group>";
		};
		7B94372D1EC3E4DF005C9C0F /* CoreData */ = {
			isa = PBXGroup;
			children = (
				D7CD89D81F26DE2E00715C1C /* Properties */,
				D7CD89B71F26DDA700715C1C /* Class */,
				D7CD89B61F26DC2B00715C1C /* Managers */,
				D7CD89B51F26DC2300715C1C /* Modelo */,
			);
			name = CoreData;
			sourceTree = "<group>";
		};
		D72FC9E71F2AD432002BD5F0 /* Protocols */ = {
			isa = PBXGroup;
			children = (
				D72FC9E51F2AD347002BD5F0 /* DeleteProtocol.swift */,
			);
			name = Protocols;
			sourceTree = "<group>";
		};
		D74417521F2E434900252BF3 /* Protocols */ = {
			isa = PBXGroup;
			children = (
				D74417531F2E436A00252BF3 /* TogglePickerCustomProtocol.swift */,
			);
			name = Protocols;
			sourceTree = "<group>";
		};
		D76E30F01F26BB47007C9EEE /* Commons */ = {
			isa = PBXGroup;
			children = (
				D74417521F2E434900252BF3 /* Protocols */,
				D7F6A2E81F29770000BECD4B /* Extensions */,
				D76E30F11F26BB58007C9EEE /* Segues.swift */,
			);
			name = Commons;
			sourceTree = "<group>";
		};
		D76E30FD1F26C49D007C9EEE /* Models */ = {
			isa = PBXGroup;
			children = (
				D76E31021F26C57E007C9EEE /* UsuarioItemTest.swift */,
			);
			name = Models;
			sourceTree = "<group>";
		};
		D7CD89B51F26DC2300715C1C /* Modelo */ = {
			isa = PBXGroup;
			children = (
				D79164C31F2C39ED00484563 /* Model.xcdatamodeld */,
			);
			name = Modelo;
			sourceTree = "<group>";
		};
		D7CD89B61F26DC2B00715C1C /* Managers */ = {
			isa = PBXGroup;
			children = (
				D72FC9E71F2AD432002BD5F0 /* Protocols */,
				D7CD89B11F26DB2C00715C1C /* DataManager.swift */,
				D7F42FC11F26E454003AEEA9 /* UsuarioDataManager.swift */,
				D73FC2301F2ACAE0002DC7D7 /* EsporteDataManager.swift */,
			);
			name = Managers;
			sourceTree = "<group>";
		};
		D7CD89B71F26DDA700715C1C /* Class */ = {
			isa = PBXGroup;
			children = (
			);
			name = Class;
			sourceTree = "<group>";
		};
		D7CD89D81F26DE2E00715C1C /* Properties */ = {
			isa = PBXGroup;
			children = (
			);
			name = Properties;
			sourceTree = "<group>";
		};
		D7F6A2E81F29770000BECD4B /* Extensions */ = {
			isa = PBXGroup;
			children = (
				D7F6A2ED1F29779200BECD4B /* UIColorExtension.swift */,
			);
			name = Extensions;
			sourceTree = "<group>";
		};
		D7F9A3911F23B1CC00D6FD3D /* Frameworks */ = {
			isa = PBXGroup;
			children = (
				D74417501F2E41B500252BF3 /* MapKit.framework */,
				1801F82F7A4F672DE0BF60EC /* Pods_PlayPoint.framework */,
				FAE8221C3CE14A4A6557B9AF /* Pods_PlayPointTests.framework */,
				6C460E983B7666AB372AA76A /* Pods_PlayPointUITests.framework */,
			);
			name = Frameworks;
			sourceTree = "<group>";
		};
/* End PBXGroup section */

/* Begin PBXNativeTarget section */
		7B62DD241EB171810082244F /* PlayPoint */ = {
			isa = PBXNativeTarget;
			buildConfigurationList = 7B62DD4D1EB171810082244F /* Build configuration list for PBXNativeTarget "PlayPoint" */;
			buildPhases = (
				68A25BF693848D9A9C11E57F /* [CP] Check Pods Manifest.lock */,
				7B62DD211EB171810082244F /* Sources */,
				7B62DD221EB171810082244F /* Frameworks */,
				7B62DD231EB171810082244F /* Resources */,
				5DF6030C287F798156E91489 /* [CP] Embed Pods Frameworks */,
				9D912FAA8CEFD090F556AC4A /* [CP] Copy Pods Resources */,
			);
			buildRules = (
			);
			dependencies = (
			);
			name = PlayPoint;
			productName = PlayPoint;
			productReference = 7B62DD251EB171810082244F /* PlayPoint.app */;
			productType = "com.apple.product-type.application";
		};
		7B62DD381EB171810082244F /* PlayPointTests */ = {
			isa = PBXNativeTarget;
			buildConfigurationList = 7B62DD501EB171810082244F /* Build configuration list for PBXNativeTarget "PlayPointTests" */;
			buildPhases = (
				3A326F9038F1C801D5B47E1A /* [CP] Check Pods Manifest.lock */,
				7B62DD351EB171810082244F /* Sources */,
				7B62DD361EB171810082244F /* Frameworks */,
				7B62DD371EB171810082244F /* Resources */,
				00E875E60930C08326031FDA /* [CP] Embed Pods Frameworks */,
				8B04831059B756CB8E31A3AE /* [CP] Copy Pods Resources */,
			);
			buildRules = (
			);
			dependencies = (
				7B62DD3B1EB171810082244F /* PBXTargetDependency */,
			);
			name = PlayPointTests;
			productName = PlayPointTests;
			productReference = 7B62DD391EB171810082244F /* PlayPointTests.xctest */;
			productType = "com.apple.product-type.bundle.unit-test";
		};
		7B62DD431EB171810082244F /* PlayPointUITests */ = {
			isa = PBXNativeTarget;
			buildConfigurationList = 7B62DD531EB171810082244F /* Build configuration list for PBXNativeTarget "PlayPointUITests" */;
			buildPhases = (
				502140534F729B8404772108 /* [CP] Check Pods Manifest.lock */,
				7B62DD401EB171810082244F /* Sources */,
				7B62DD411EB171810082244F /* Frameworks */,
				7B62DD421EB171810082244F /* Resources */,
				EE3E133C7DAD562B833E31CD /* [CP] Embed Pods Frameworks */,
				EFA8D602187CB1D3070ADDEC /* [CP] Copy Pods Resources */,
			);
			buildRules = (
			);
			dependencies = (
				7B62DD461EB171810082244F /* PBXTargetDependency */,
			);
			name = PlayPointUITests;
			productName = PlayPointUITests;
			productReference = 7B62DD441EB171810082244F /* PlayPointUITests.xctest */;
			productType = "com.apple.product-type.bundle.ui-testing";
		};
/* End PBXNativeTarget section */

/* Begin PBXProject section */
		7B62DD1D1EB171810082244F /* Project object */ = {
			isa = PBXProject;
			attributes = {
				LastSwiftUpdateCheck = 0830;
				LastUpgradeCheck = 0830;
				ORGANIZATIONNAME = Iesb;
				TargetAttributes = {
					7B62DD241EB171810082244F = {
						CreatedOnToolsVersion = 8.3;
						DevelopmentTeam = 9737X87RWT;
						ProvisioningStyle = Automatic;
						SystemCapabilities = {
							com.apple.Maps.iOS = {
								enabled = 1;
							};
						};
					};
					7B62DD381EB171810082244F = {
						CreatedOnToolsVersion = 8.3;
						DevelopmentTeam = 9737X87RWT;
						ProvisioningStyle = Automatic;
						TestTargetID = 7B62DD241EB171810082244F;
					};
					7B62DD431EB171810082244F = {
						CreatedOnToolsVersion = 8.3;
						DevelopmentTeam = 9737X87RWT;
						ProvisioningStyle = Automatic;
						TestTargetID = 7B62DD241EB171810082244F;
					};
				};
			};
			buildConfigurationList = 7B62DD201EB171810082244F /* Build configuration list for PBXProject "PlayPoint" */;
			compatibilityVersion = "Xcode 3.2";
			developmentRegion = English;
			hasScannedForEncodings = 0;
			knownRegions = (
				en,
				Base,
			);
			mainGroup = 7B62DD1C1EB171810082244F;
			productRefGroup = 7B62DD261EB171810082244F /* Products */;
			projectDirPath = "";
			projectRoot = "";
			targets = (
				7B62DD241EB171810082244F /* PlayPoint */,
				7B62DD381EB171810082244F /* PlayPointTests */,
				7B62DD431EB171810082244F /* PlayPointUITests */,
			);
		};
/* End PBXProject section */

/* Begin PBXResourcesBuildPhase section */
		7B62DD231EB171810082244F /* Resources */ = {
			isa = PBXResourcesBuildPhase;
			buildActionMask = 2147483647;
			files = (
				D744174F1F2E3D6800252BF3 /* Buscar.storyboard in Resources */,
				7B62DD331EB171810082244F /* LaunchScreen.storyboard in Resources */,
				D7C0CA871F239BB30023ADDA /* Evento.storyboard in Resources */,
				D7C0CA891F239C080023ADDA /* Eventos.storyboard in Resources */,
				7B62DD301EB171810082244F /* Assets.xcassets in Resources */,
				D7C0CA8C1F239C250023ADDA /* Perfil.storyboard in Resources */,
				D744174C1F2E32D700252BF3 /* Esportes.storyboard in Resources */,
				7B62DD2E1EB171810082244F /* Main.storyboard in Resources */,
			);
			runOnlyForDeploymentPostprocessing = 0;
		};
		7B62DD371EB171810082244F /* Resources */ = {
			isa = PBXResourcesBuildPhase;
			buildActionMask = 2147483647;
			files = (
			);
			runOnlyForDeploymentPostprocessing = 0;
		};
		7B62DD421EB171810082244F /* Resources */ = {
			isa = PBXResourcesBuildPhase;
			buildActionMask = 2147483647;
			files = (
			);
			runOnlyForDeploymentPostprocessing = 0;
		};
/* End PBXResourcesBuildPhase section */

/* Begin PBXShellScriptBuildPhase section */
		00E875E60930C08326031FDA /* [CP] Embed Pods Frameworks */ = {
			isa = PBXShellScriptBuildPhase;
			buildActionMask = 2147483647;
			files = (
			);
			inputPaths = (
			);
			name = "[CP] Embed Pods Frameworks";
			outputPaths = (
			);
			runOnlyForDeploymentPostprocessing = 0;
			shellPath = /bin/sh;
			shellScript = "\"${SRCROOT}/Pods/Target Support Files/Pods-PlayPointTests/Pods-PlayPointTests-frameworks.sh\"\n";
			showEnvVarsInLog = 0;
		};
		3A326F9038F1C801D5B47E1A /* [CP] Check Pods Manifest.lock */ = {
			isa = PBXShellScriptBuildPhase;
			buildActionMask = 2147483647;
			files = (
			);
			inputPaths = (
			);
			name = "[CP] Check Pods Manifest.lock";
			outputPaths = (
			);
			runOnlyForDeploymentPostprocessing = 0;
			shellPath = /bin/sh;
			shellScript = "diff \"${PODS_PODFILE_DIR_PATH}/Podfile.lock\" \"${PODS_ROOT}/Manifest.lock\" > /dev/null\nif [ $? != 0 ] ; then\n    # print error to STDERR\n    echo \"error: The sandbox is not in sync with the Podfile.lock. Run 'pod install' or update your CocoaPods installation.\" >&2\n    exit 1\nfi\n";
			showEnvVarsInLog = 0;
		};
		502140534F729B8404772108 /* [CP] Check Pods Manifest.lock */ = {
			isa = PBXShellScriptBuildPhase;
			buildActionMask = 2147483647;
			files = (
			);
			inputPaths = (
			);
			name = "[CP] Check Pods Manifest.lock";
			outputPaths = (
			);
			runOnlyForDeploymentPostprocessing = 0;
			shellPath = /bin/sh;
			shellScript = "diff \"${PODS_PODFILE_DIR_PATH}/Podfile.lock\" \"${PODS_ROOT}/Manifest.lock\" > /dev/null\nif [ $? != 0 ] ; then\n    # print error to STDERR\n    echo \"error: The sandbox is not in sync with the Podfile.lock. Run 'pod install' or update your CocoaPods installation.\" >&2\n    exit 1\nfi\n";
			showEnvVarsInLog = 0;
		};
		5DF6030C287F798156E91489 /* [CP] Embed Pods Frameworks */ = {
			isa = PBXShellScriptBuildPhase;
			buildActionMask = 2147483647;
			files = (
			);
			inputPaths = (
			);
			name = "[CP] Embed Pods Frameworks";
			outputPaths = (
			);
			runOnlyForDeploymentPostprocessing = 0;
			shellPath = /bin/sh;
			shellScript = "\"${SRCROOT}/Pods/Target Support Files/Pods-PlayPoint/Pods-PlayPoint-frameworks.sh\"\n";
			showEnvVarsInLog = 0;
		};
		68A25BF693848D9A9C11E57F /* [CP] Check Pods Manifest.lock */ = {
			isa = PBXShellScriptBuildPhase;
			buildActionMask = 2147483647;
			files = (
			);
			inputPaths = (
			);
			name = "[CP] Check Pods Manifest.lock";
			outputPaths = (
			);
			runOnlyForDeploymentPostprocessing = 0;
			shellPath = /bin/sh;
			shellScript = "diff \"${PODS_PODFILE_DIR_PATH}/Podfile.lock\" \"${PODS_ROOT}/Manifest.lock\" > /dev/null\nif [ $? != 0 ] ; then\n    # print error to STDERR\n    echo \"error: The sandbox is not in sync with the Podfile.lock. Run 'pod install' or update your CocoaPods installation.\" >&2\n    exit 1\nfi\n";
			showEnvVarsInLog = 0;
		};
		8B04831059B756CB8E31A3AE /* [CP] Copy Pods Resources */ = {
			isa = PBXShellScriptBuildPhase;
			buildActionMask = 2147483647;
			files = (
			);
			inputPaths = (
			);
			name = "[CP] Copy Pods Resources";
			outputPaths = (
			);
			runOnlyForDeploymentPostprocessing = 0;
			shellPath = /bin/sh;
			shellScript = "\"${SRCROOT}/Pods/Target Support Files/Pods-PlayPointTests/Pods-PlayPointTests-resources.sh\"\n";
			showEnvVarsInLog = 0;
		};
		9D912FAA8CEFD090F556AC4A /* [CP] Copy Pods Resources */ = {
			isa = PBXShellScriptBuildPhase;
			buildActionMask = 2147483647;
			files = (
			);
			inputPaths = (
			);
			name = "[CP] Copy Pods Resources";
			outputPaths = (
			);
			runOnlyForDeploymentPostprocessing = 0;
			shellPath = /bin/sh;
			shellScript = "\"${SRCROOT}/Pods/Target Support Files/Pods-PlayPoint/Pods-PlayPoint-resources.sh\"\n";
			showEnvVarsInLog = 0;
		};
		EE3E133C7DAD562B833E31CD /* [CP] Embed Pods Frameworks */ = {
			isa = PBXShellScriptBuildPhase;
			buildActionMask = 2147483647;
			files = (
			);
			inputPaths = (
			);
			name = "[CP] Embed Pods Frameworks";
			outputPaths = (
			);
			runOnlyForDeploymentPostprocessing = 0;
			shellPath = /bin/sh;
			shellScript = "\"${SRCROOT}/Pods/Target Support Files/Pods-PlayPointUITests/Pods-PlayPointUITests-frameworks.sh\"\n";
			showEnvVarsInLog = 0;
		};
		EFA8D602187CB1D3070ADDEC /* [CP] Copy Pods Resources */ = {
			isa = PBXShellScriptBuildPhase;
			buildActionMask = 2147483647;
			files = (
			);
			inputPaths = (
			);
			name = "[CP] Copy Pods Resources";
			outputPaths = (
			);
			runOnlyForDeploymentPostprocessing = 0;
			shellPath = /bin/sh;
			shellScript = "\"${SRCROOT}/Pods/Target Support Files/Pods-PlayPointUITests/Pods-PlayPointUITests-resources.sh\"\n";
			showEnvVarsInLog = 0;
		};
/* End PBXShellScriptBuildPhase section */

/* Begin PBXSourcesBuildPhase section */
		7B62DD211EB171810082244F /* Sources */ = {
			isa = PBXSourcesBuildPhase;
			buildActionMask = 2147483647;
			files = (
				7B7A76F61EBFDEB100894B09 /* LoginViewController.swift in Sources */,
				D7F6A2EE1F29779200BECD4B /* UIColorExtension.swift in Sources */,
				7B56D7211EBAA9C700957A2F /* NovoEventoTableViewController.swift in Sources */,
				D74417541F2E436A00252BF3 /* TogglePickerCustomProtocol.swift in Sources */,
				7B62DD291EB171810082244F /* AppDelegate.swift in Sources */,
				D79164C51F2C39ED00484563 /* Model.xcdatamodeld in Sources */,
				D74417561F2E4EC000252BF3 /* BuscaEventoViewController.swift in Sources */,
				D7F42FC21F26E454003AEEA9 /* UsuarioDataManager.swift in Sources */,
				7B56D71C1EBA8AEB00957A2F /* EventosViewController.swift in Sources */,
				7B56D7251EBBFFA700957A2F /* PerfilTableViewController.swift in Sources */,
				D76E30F21F26BB58007C9EEE /* Segues.swift in Sources */,
				7B56D71F1EBA903500957A2F /* EventoTableViewCell.swift in Sources */,
				D73FC2311F2ACAE0002DC7D7 /* EsporteDataManager.swift in Sources */,
				D72FC9E61F2AD347002BD5F0 /* DeleteProtocol.swift in Sources */,
				D7CD89B21F26DB2C00715C1C /* DataManager.swift in Sources */,
				D72FC9E41F2AD161002BD5F0 /* EsportesTableViewController.swift in Sources */,
				D72FC9E21F2ACBCF002BD5F0 /* EsporteItem.swift in Sources */,
				D7F42FC61F26E873003AEEA9 /* UsuarioItem.swift in Sources */,
			);
			runOnlyForDeploymentPostprocessing = 0;
		};
		7B62DD351EB171810082244F /* Sources */ = {
			isa = PBXSourcesBuildPhase;
			buildActionMask = 2147483647;
			files = (
				D74417571F2E4EC000252BF3 /* BuscaEventoViewController.swift in Sources */,
				7B62DD3E1EB171810082244F /* PlayPointTests.swift in Sources */,
				D7F6A2EF1F29779200BECD4B /* UIColorExtension.swift in Sources */,
				D7CD89B31F26DB2C00715C1C /* DataManager.swift in Sources */,
				D76E30F31F26BB58007C9EEE /* Segues.swift in Sources */,
				D76E31031F26C57E007C9EEE /* UsuarioItemTest.swift in Sources */,
			);
			runOnlyForDeploymentPostprocessing = 0;
		};
		7B62DD401EB171810082244F /* Sources */ = {
			isa = PBXSourcesBuildPhase;
			buildActionMask = 2147483647;
			files = (
				7B62DD491EB171810082244F /* PlayPointUITests.swift in Sources */,
				D7CD89B41F26DB2C00715C1C /* DataManager.swift in Sources */,
				D76E30F41F26BB58007C9EEE /* Segues.swift in Sources */,
				D74417581F2E4EC000252BF3 /* BuscaEventoViewController.swift in Sources */,
				D7F6A2F01F29779200BECD4B /* UIColorExtension.swift in Sources */,
			);
			runOnlyForDeploymentPostprocessing = 0;
		};
/* End PBXSourcesBuildPhase section */

/* Begin PBXTargetDependency section */
		7B62DD3B1EB171810082244F /* PBXTargetDependency */ = {
			isa = PBXTargetDependency;
			target = 7B62DD241EB171810082244F /* PlayPoint */;
			targetProxy = 7B62DD3A1EB171810082244F /* PBXContainerItemProxy */;
		};
		7B62DD461EB171810082244F /* PBXTargetDependency */ = {
			isa = PBXTargetDependency;
			target = 7B62DD241EB171810082244F /* PlayPoint */;
			targetProxy = 7B62DD451EB171810082244F /* PBXContainerItemProxy */;
		};
/* End PBXTargetDependency section */

/* Begin PBXVariantGroup section */
		7B62DD2C1EB171810082244F /* Main.storyboard */ = {
			isa = PBXVariantGroup;
			children = (
				7B62DD2D1EB171810082244F /* Base */,
			);
			name = Main.storyboard;
			sourceTree = "<group>";
		};
		7B62DD311EB171810082244F /* LaunchScreen.storyboard */ = {
			isa = PBXVariantGroup;
			children = (
				7B62DD321EB171810082244F /* Base */,
			);
			name = LaunchScreen.storyboard;
			sourceTree = "<group>";
		};
		D744174A1F2E32D700252BF3 /* Esportes.storyboard */ = {
			isa = PBXVariantGroup;
			children = (
				D744174B1F2E32D700252BF3 /* Base */,
			);
			name = Esportes.storyboard;
			sourceTree = "<group>";
		};
		D744174D1F2E3D6800252BF3 /* Buscar.storyboard */ = {
			isa = PBXVariantGroup;
			children = (
				D744174E1F2E3D6800252BF3 /* Base */,
			);
			name = Buscar.storyboard;
			sourceTree = "<group>";
		};
		D7C0CA851F239BB30023ADDA /* Evento.storyboard */ = {
			isa = PBXVariantGroup;
			children = (
				D7C0CA861F239BB30023ADDA /* Base */,
			);
			name = Evento.storyboard;
			sourceTree = "<group>";
		};
		D7C0CA8A1F239C250023ADDA /* Perfil.storyboard */ = {
			isa = PBXVariantGroup;
			children = (
				D7C0CA8B1F239C250023ADDA /* Base */,
			);
			name = Perfil.storyboard;
			sourceTree = "<group>";
		};
/* End PBXVariantGroup section */

/* Begin XCBuildConfiguration section */
		7B62DD4B1EB171810082244F /* Debug */ = {
			isa = XCBuildConfiguration;
			buildSettings = {
				ALWAYS_SEARCH_USER_PATHS = NO;
				CLANG_ANALYZER_NONNULL = YES;
				CLANG_ANALYZER_NUMBER_OBJECT_CONVERSION = YES_AGGRESSIVE;
				CLANG_CXX_LANGUAGE_STANDARD = "gnu++0x";
				CLANG_CXX_LIBRARY = "libc++";
				CLANG_ENABLE_MODULES = YES;
				CLANG_ENABLE_OBJC_ARC = YES;
				CLANG_WARN_BOOL_CONVERSION = YES;
				CLANG_WARN_CONSTANT_CONVERSION = YES;
				CLANG_WARN_DIRECT_OBJC_ISA_USAGE = YES_ERROR;
				CLANG_WARN_DOCUMENTATION_COMMENTS = YES;
				CLANG_WARN_EMPTY_BODY = YES;
				CLANG_WARN_ENUM_CONVERSION = YES;
				CLANG_WARN_INFINITE_RECURSION = YES;
				CLANG_WARN_INT_CONVERSION = YES;
				CLANG_WARN_OBJC_ROOT_CLASS = YES_ERROR;
				CLANG_WARN_SUSPICIOUS_MOVE = YES;
				CLANG_WARN_UNREACHABLE_CODE = YES;
				CLANG_WARN__DUPLICATE_METHOD_MATCH = YES;
				"CODE_SIGN_IDENTITY[sdk=iphoneos*]" = "iPhone Developer";
				COPY_PHASE_STRIP = NO;
				DEBUG_INFORMATION_FORMAT = dwarf;
				ENABLE_STRICT_OBJC_MSGSEND = YES;
				ENABLE_TESTABILITY = YES;
				GCC_C_LANGUAGE_STANDARD = gnu99;
				GCC_DYNAMIC_NO_PIC = NO;
				GCC_NO_COMMON_BLOCKS = YES;
				GCC_OPTIMIZATION_LEVEL = 0;
				GCC_PREPROCESSOR_DEFINITIONS = (
					"DEBUG=1",
					"$(inherited)",
				);
				GCC_WARN_64_TO_32_BIT_CONVERSION = YES;
				GCC_WARN_ABOUT_RETURN_TYPE = YES_ERROR;
				GCC_WARN_UNDECLARED_SELECTOR = YES;
				GCC_WARN_UNINITIALIZED_AUTOS = YES_AGGRESSIVE;
				GCC_WARN_UNUSED_FUNCTION = YES;
				GCC_WARN_UNUSED_VARIABLE = YES;
				IPHONEOS_DEPLOYMENT_TARGET = 10.3;
				MTL_ENABLE_DEBUG_INFO = YES;
				ONLY_ACTIVE_ARCH = YES;
				SDKROOT = iphoneos;
				SWIFT_ACTIVE_COMPILATION_CONDITIONS = DEBUG;
				SWIFT_OPTIMIZATION_LEVEL = "-Onone";
				TARGETED_DEVICE_FAMILY = "1,2";
			};
			name = Debug;
		};
		7B62DD4C1EB171810082244F /* Release */ = {
			isa = XCBuildConfiguration;
			buildSettings = {
				ALWAYS_SEARCH_USER_PATHS = NO;
				CLANG_ANALYZER_NONNULL = YES;
				CLANG_ANALYZER_NUMBER_OBJECT_CONVERSION = YES_AGGRESSIVE;
				CLANG_CXX_LANGUAGE_STANDARD = "gnu++0x";
				CLANG_CXX_LIBRARY = "libc++";
				CLANG_ENABLE_MODULES = YES;
				CLANG_ENABLE_OBJC_ARC = YES;
				CLANG_WARN_BOOL_CONVERSION = YES;
				CLANG_WARN_CONSTANT_CONVERSION = YES;
				CLANG_WARN_DIRECT_OBJC_ISA_USAGE = YES_ERROR;
				CLANG_WARN_DOCUMENTATION_COMMENTS = YES;
				CLANG_WARN_EMPTY_BODY = YES;
				CLANG_WARN_ENUM_CONVERSION = YES;
				CLANG_WARN_INFINITE_RECURSION = YES;
				CLANG_WARN_INT_CONVERSION = YES;
				CLANG_WARN_OBJC_ROOT_CLASS = YES_ERROR;
				CLANG_WARN_SUSPICIOUS_MOVE = YES;
				CLANG_WARN_UNREACHABLE_CODE = YES;
				CLANG_WARN__DUPLICATE_METHOD_MATCH = YES;
				"CODE_SIGN_IDENTITY[sdk=iphoneos*]" = "iPhone Developer";
				COPY_PHASE_STRIP = NO;
				DEBUG_INFORMATION_FORMAT = "dwarf-with-dsym";
				ENABLE_NS_ASSERTIONS = NO;
				ENABLE_STRICT_OBJC_MSGSEND = YES;
				GCC_C_LANGUAGE_STANDARD = gnu99;
				GCC_NO_COMMON_BLOCKS = YES;
				GCC_WARN_64_TO_32_BIT_CONVERSION = YES;
				GCC_WARN_ABOUT_RETURN_TYPE = YES_ERROR;
				GCC_WARN_UNDECLARED_SELECTOR = YES;
				GCC_WARN_UNINITIALIZED_AUTOS = YES_AGGRESSIVE;
				GCC_WARN_UNUSED_FUNCTION = YES;
				GCC_WARN_UNUSED_VARIABLE = YES;
				IPHONEOS_DEPLOYMENT_TARGET = 10.3;
				MTL_ENABLE_DEBUG_INFO = NO;
				SDKROOT = iphoneos;
				SWIFT_OPTIMIZATION_LEVEL = "-Owholemodule";
				TARGETED_DEVICE_FAMILY = "1,2";
				VALIDATE_PRODUCT = YES;
			};
			name = Release;
		};
		7B62DD4E1EB171810082244F /* Debug */ = {
			isa = XCBuildConfiguration;
			baseConfigurationReference = 44CD21E922EE87C68D1ABB88 /* Pods-PlayPoint.debug.xcconfig */;
			buildSettings = {
				ASSETCATALOG_COMPILER_APPICON_NAME = AppIcon;
				DEVELOPMENT_TEAM = 9737X87RWT;
				INFOPLIST_FILE = PlayPoint/Info.plist;
				IPHONEOS_DEPLOYMENT_TARGET = 10.0;
				LD_RUNPATH_SEARCH_PATHS = "$(inherited) @executable_path/Frameworks";
				PRODUCT_BUNDLE_IDENTIFIER = br.apesoftware.com.br.PlayPoint;
				PRODUCT_NAME = "$(TARGET_NAME)";
				SWIFT_VERSION = 3.0;
			};
			name = Debug;
		};
		7B62DD4F1EB171810082244F /* Release */ = {
			isa = XCBuildConfiguration;
			baseConfigurationReference = 421226C63C44EF4DBAA877B8 /* Pods-PlayPoint.release.xcconfig */;
			buildSettings = {
				ASSETCATALOG_COMPILER_APPICON_NAME = AppIcon;
				DEVELOPMENT_TEAM = 9737X87RWT;
				INFOPLIST_FILE = PlayPoint/Info.plist;
				IPHONEOS_DEPLOYMENT_TARGET = 10.0;
				LD_RUNPATH_SEARCH_PATHS = "$(inherited) @executable_path/Frameworks";
				PRODUCT_BUNDLE_IDENTIFIER = br.apesoftware.com.br.PlayPoint;
				PRODUCT_NAME = "$(TARGET_NAME)";
				SWIFT_VERSION = 3.0;
			};
			name = Release;
		};
		7B62DD511EB171810082244F /* Debug */ = {
			isa = XCBuildConfiguration;
			baseConfigurationReference = 9D4A23FC7CF9FFBC32481DED /* Pods-PlayPointTests.debug.xcconfig */;
			buildSettings = {
				ALWAYS_EMBED_SWIFT_STANDARD_LIBRARIES = YES;
				BUNDLE_LOADER = "$(TEST_HOST)";
				DEVELOPMENT_TEAM = 9737X87RWT;
				INFOPLIST_FILE = PlayPointTests/Info.plist;
				IPHONEOS_DEPLOYMENT_TARGET = 10.0;
				LD_RUNPATH_SEARCH_PATHS = "$(inherited) @executable_path/Frameworks @loader_path/Frameworks";
				PRODUCT_BUNDLE_IDENTIFIER = br.apesoftware.com.br.PlayPointTests;
				PRODUCT_NAME = "$(TARGET_NAME)";
				SWIFT_VERSION = 3.0;
				TEST_HOST = "$(BUILT_PRODUCTS_DIR)/PlayPoint.app/PlayPoint";
			};
			name = Debug;
		};
		7B62DD521EB171810082244F /* Release */ = {
			isa = XCBuildConfiguration;
			baseConfigurationReference = 72DF0458B8633FA91B4FD639 /* Pods-PlayPointTests.release.xcconfig */;
			buildSettings = {
				ALWAYS_EMBED_SWIFT_STANDARD_LIBRARIES = YES;
				BUNDLE_LOADER = "$(TEST_HOST)";
				DEVELOPMENT_TEAM = 9737X87RWT;
				INFOPLIST_FILE = PlayPointTests/Info.plist;
				IPHONEOS_DEPLOYMENT_TARGET = 10.0;
				LD_RUNPATH_SEARCH_PATHS = "$(inherited) @executable_path/Frameworks @loader_path/Frameworks";
				PRODUCT_BUNDLE_IDENTIFIER = br.apesoftware.com.br.PlayPointTests;
				PRODUCT_NAME = "$(TARGET_NAME)";
				SWIFT_VERSION = 3.0;
				TEST_HOST = "$(BUILT_PRODUCTS_DIR)/PlayPoint.app/PlayPoint";
			};
			name = Release;
		};
		7B62DD541EB171810082244F /* Debug */ = {
			isa = XCBuildConfiguration;
			baseConfigurationReference = E83B73D147E5A6507ACACCF8 /* Pods-PlayPointUITests.debug.xcconfig */;
			buildSettings = {
				ALWAYS_EMBED_SWIFT_STANDARD_LIBRARIES = YES;
				DEVELOPMENT_TEAM = 9737X87RWT;
				INFOPLIST_FILE = PlayPointUITests/Info.plist;
				IPHONEOS_DEPLOYMENT_TARGET = 10.0;
				LD_RUNPATH_SEARCH_PATHS = "$(inherited) @executable_path/Frameworks @loader_path/Frameworks";
				PRODUCT_BUNDLE_IDENTIFIER = br.apesoftware.com.br.PlayPointUITests;
				PRODUCT_NAME = "$(TARGET_NAME)";
				SWIFT_VERSION = 3.0;
				TEST_TARGET_NAME = PlayPoint;
			};
			name = Debug;
		};
		7B62DD551EB171810082244F /* Release */ = {
			isa = XCBuildConfiguration;
			baseConfigurationReference = A7774738523B59B3D3A83316 /* Pods-PlayPointUITests.release.xcconfig */;
			buildSettings = {
				ALWAYS_EMBED_SWIFT_STANDARD_LIBRARIES = YES;
				DEVELOPMENT_TEAM = 9737X87RWT;
				INFOPLIST_FILE = PlayPointUITests/Info.plist;
				IPHONEOS_DEPLOYMENT_TARGET = 10.0;
				LD_RUNPATH_SEARCH_PATHS = "$(inherited) @executable_path/Frameworks @loader_path/Frameworks";
				PRODUCT_BUNDLE_IDENTIFIER = br.apesoftware.com.br.PlayPointUITests;
				PRODUCT_NAME = "$(TARGET_NAME)";
				SWIFT_VERSION = 3.0;
				TEST_TARGET_NAME = PlayPoint;
			};
			name = Release;
		};
/* End XCBuildConfiguration section */

/* Begin XCConfigurationList section */
		7B62DD201EB171810082244F /* Build configuration list for PBXProject "PlayPoint" */ = {
			isa = XCConfigurationList;
			buildConfigurations = (
				7B62DD4B1EB171810082244F /* Debug */,
				7B62DD4C1EB171810082244F /* Release */,
			);
			defaultConfigurationIsVisible = 0;
			defaultConfigurationName = Release;
		};
		7B62DD4D1EB171810082244F /* Build configuration list for PBXNativeTarget "PlayPoint" */ = {
			isa = XCConfigurationList;
			buildConfigurations = (
				7B62DD4E1EB171810082244F /* Debug */,
				7B62DD4F1EB171810082244F /* Release */,
			);
			defaultConfigurationIsVisible = 0;
			defaultConfigurationName = Release;
		};
		7B62DD501EB171810082244F /* Build configuration list for PBXNativeTarget "PlayPointTests" */ = {
			isa = XCConfigurationList;
			buildConfigurations = (
				7B62DD511EB171810082244F /* Debug */,
				7B62DD521EB171810082244F /* Release */,
			);
			defaultConfigurationIsVisible = 0;
			defaultConfigurationName = Release;
		};
		7B62DD531EB171810082244F /* Build configuration list for PBXNativeTarget "PlayPointUITests" */ = {
			isa = XCConfigurationList;
			buildConfigurations = (
				7B62DD541EB171810082244F /* Debug */,
				7B62DD551EB171810082244F /* Release */,
			);
			defaultConfigurationIsVisible = 0;
			defaultConfigurationName = Release;
		};
/* End XCConfigurationList section */

/* Begin XCVersionGroup section */
		D79164C31F2C39ED00484563 /* Model.xcdatamodeld */ = {
			isa = XCVersionGroup;
			children = (
				D79164C41F2C39ED00484563 /* Model.xcdatamodel */,
			);
			currentVersion = D79164C41F2C39ED00484563 /* Model.xcdatamodel */;
			path = Model.xcdatamodeld;
			sourceTree = "<group>";
			versionGroupType = wrapper.xcdatamodel;
		};
/* End XCVersionGroup section */
	};
	rootObject = 7B62DD1D1EB171810082244F /* Project object */;
}
